[[package]]
name = "capsules"
version = "0.1.0"
source = "git+git://github.com/tock/tock#60fb458537b060ff96e5d07bb7d52ed2259f6b8d"
dependencies = [
 "enum_primitive 0.1.0 (git+git://github.com/tock/tock)",
 "kernel 0.1.0 (git+git://github.com/tock/tock)",
]

[[package]]
name = "cortexm"
version = "0.1.0"
source = "git+git://github.com/tock/tock#60fb458537b060ff96e5d07bb7d52ed2259f6b8d"
dependencies = [
 "kernel 0.1.0 (git+git://github.com/tock/tock)",
]

[[package]]
name = "cortexm4"
version = "0.1.0"
source = "git+git://github.com/tock/tock#60fb458537b060ff96e5d07bb7d52ed2259f6b8d"
dependencies = [
 "cortexm 0.1.0 (git+git://github.com/tock/tock)",
 "kernel 0.1.0 (git+git://github.com/tock/tock)",
]

[[package]]
name = "enum_primitive"
version = "0.1.0"
source = "git+git://github.com/tock/tock#60fb458537b060ff96e5d07bb7d52ed2259f6b8d"

[[package]]
name = "imix"
version = "0.1.0"
dependencies = [
 "capsules 0.1.0 (git+git://github.com/tock/tock)",
 "cortexm4 0.1.0 (git+git://github.com/tock/tock)",
 "kernel 0.1.0 (git+git://github.com/tock/tock)",
 "sam4l 0.1.0 (git+git://github.com/tock/tock)",
 "tutorial 0.1.0",
]

[[package]]
name = "kernel"
version = "0.1.0"
source = "git+git://github.com/tock/tock#60fb458537b060ff96e5d07bb7d52ed2259f6b8d"
dependencies = [
 "tock-cells 0.1.0 (git+git://github.com/tock/tock)",
 "tock-registers 0.3.0 (git+git://github.com/tock/tock)",
]

[[package]]
name = "sam4l"
version = "0.1.0"
source = "git+git://github.com/tock/tock#60fb458537b060ff96e5d07bb7d52ed2259f6b8d"
dependencies = [
 "cortexm4 0.1.0 (git+git://github.com/tock/tock)",
 "kernel 0.1.0 (git+git://github.com/tock/tock)",
 "tock_rt0 0.1.0 (git+git://github.com/tock/tock)",
]

[[package]]
name = "tock-cells"
version = "0.1.0"
source = "git+git://github.com/tock/tock#60fb458537b060ff96e5d07bb7d52ed2259f6b8d"

[[package]]
name = "tock-registers"
version = "0.3.0"
source = "git+git://github.com/tock/tock#60fb458537b060ff96e5d07bb7d52ed2259f6b8d"

[[package]]
name = "tock_rt0"
version = "0.1.0"
source = "git+git://github.com/tock/tock#60fb458537b060ff96e5d07bb7d52ed2259f6b8d"

[[package]]
name = "tutorial"
version = "0.1.0"
dependencies = [
 "kernel 0.1.0 (git+git://github.com/tock/tock)",
]

[metadata]
"checksum capsules 0.1.0 (git+git://github.com/tock/tock)" = "<none>"
"checksum cortexm 0.1.0 (git+git://github.com/tock/tock)" = "<none>"
"checksum cortexm4 0.1.0 (git+git://github.com/tock/tock)" = "<none>"
"checksum enum_primitive 0.1.0 (git+git://github.com/tock/tock)" = "<none>"
"checksum kernel 0.1.0 (git+git://github.com/tock/tock)" = "<none>"
"checksum sam4l 0.1.0 (git+git://github.com/tock/tock)" = "<none>"
"checksum tock-cells 0.1.0 (git+git://github.com/tock/tock)" = "<none>"
"checksum tock-registers 0.3.0 (git+git://github.com/tock/tock)" = "<none>"
"checksum tock_rt0 0.1.0 (git+git://github.com/tock/tock)" = "<none>"
